// !$*UTF8*$!
{
	archiveVersion = 1;
	classes = {
	};
	objectVersion = 51;
	objects = {

/* Begin PBXBuildFile section */
		506D5CC525C25C830027F57D /* CustomImageView.swift in Sources */ = {isa = PBXBuildFile; fileRef = 506D5CC425C25C830027F57D /* CustomImageView.swift */; };
		50A0AC8E25BAD3C90077BD52 /* AppDelegate.swift in Sources */ = {isa = PBXBuildFile; fileRef = 50A0AC8D25BAD3C90077BD52 /* AppDelegate.swift */; };
		50A0AC9025BAD3C90077BD52 /* SceneDelegate.swift in Sources */ = {isa = PBXBuildFile; fileRef = 50A0AC8F25BAD3C90077BD52 /* SceneDelegate.swift */; };
		50A0AC9225BAD3C90077BD52 /* ViewController.swift in Sources */ = {isa = PBXBuildFile; fileRef = 50A0AC9125BAD3C90077BD52 /* ViewController.swift */; };
		50A0AC9525BAD3C90077BD52 /* Main.storyboard in Resources */ = {isa = PBXBuildFile; fileRef = 50A0AC9325BAD3C90077BD52 /* Main.storyboard */; };
		50A0AC9725BAD3CC0077BD52 /* Assets.xcassets in Resources */ = {isa = PBXBuildFile; fileRef = 50A0AC9625BAD3CC0077BD52 /* Assets.xcassets */; };
		50A0AC9A25BAD3CC0077BD52 /* LaunchScreen.storyboard in Resources */ = {isa = PBXBuildFile; fileRef = 50A0AC9825BAD3CC0077BD52 /* LaunchScreen.storyboard */; };
		50A0ACA925BAD61E0077BD52 /* PhotoCollectionViewCell.swift in Sources */ = {isa = PBXBuildFile; fileRef = 50A0ACA825BAD61E0077BD52 /* PhotoCollectionViewCell.swift */; };
		57775F9DEC7B73E40B8A11D5 /* Pods_PhotoLoader.framework in Frameworks */ = {isa = PBXBuildFile; fileRef = 0289A410AD746DAC03A91458 /* Pods_PhotoLoader.framework */; };
/* End PBXBuildFile section */

/* Begin PBXFileReference section */
		0289A410AD746DAC03A91458 /* Pods_PhotoLoader.framework */ = {isa = PBXFileReference; explicitFileType = wrapper.framework; includeInIndex = 0; path = Pods_PhotoLoader.framework; sourceTree = BUILT_PRODUCTS_DIR; };
		506D5CC425C25C830027F57D /* CustomImageView.swift */ = {isa = PBXFileReference; lastKnownFileType = sourcecode.swift; path = CustomImageView.swift; sourceTree = "<group>"; };
		50A0AC8A25BAD3C90077BD52 /* PhotoLoader.app */ = {isa = PBXFileReference; explicitFileType = wrapper.application; includeInIndex = 0; path = PhotoLoader.app; sourceTree = BUILT_PRODUCTS_DIR; };
		50A0AC8D25BAD3C90077BD52 /* AppDelegate.swift */ = {isa = PBXFileReference; lastKnownFileType = sourcecode.swift; path = AppDelegate.swift; sourceTree = "<group>"; };
		50A0AC8F25BAD3C90077BD52 /* SceneDelegate.swift */ = {isa = PBXFileReference; lastKnownFileType = sourcecode.swift; path = SceneDelegate.swift; sourceTree = "<group>"; };
		50A0AC9125BAD3C90077BD52 /* ViewController.swift */ = {isa = PBXFileReference; lastKnownFileType = sourcecode.swift; path = ViewController.swift; sourceTree = "<group>"; };
		50A0AC9425BAD3C90077BD52 /* Base */ = {isa = PBXFileReference; lastKnownFileType = file.storyboard; name = Base; path = Base.lproj/Main.storyboard; sourceTree = "<group>"; };
		50A0AC9625BAD3CC0077BD52 /* Assets.xcassets */ = {isa = PBXFileReference; lastKnownFileType = folder.assetcatalog; path = Assets.xcassets; sourceTree = "<group>"; };
		50A0AC9925BAD3CC0077BD52 /* Base */ = {isa = PBXFileReference; lastKnownFileType = file.storyboard; name = Base; path = Base.lproj/LaunchScreen.storyboard; sourceTree = "<group>"; };
		50A0AC9B25BAD3CC0077BD52 /* Info.plist */ = {isa = PBXFileReference; lastKnownFileType = text.plist.xml; path = Info.plist; sourceTree = "<group>"; };
		50A0ACA825BAD61E0077BD52 /* PhotoCollectionViewCell.swift */ = {isa = PBXFileReference; fileEncoding = 4; lastKnownFileType = sourcecode.swift; path = PhotoCollectionViewCell.swift; sourceTree = "<group>"; };
		823BBCBDA4ADC1F4F52E8BCE /* Pods-PhotoLoader.debug.xcconfig */ = {isa = PBXFileReference; includeInIndex = 1; lastKnownFileType = text.xcconfig; name = "Pods-PhotoLoader.debug.xcconfig"; path = "Target Support Files/Pods-PhotoLoader/Pods-PhotoLoader.debug.xcconfig"; sourceTree = "<group>"; };
		B3862321CFB3ADED810D25C5 /* Pods-PhotoLoader.release.xcconfig */ = {isa = PBXFileReference; includeInIndex = 1; lastKnownFileType = text.xcconfig; name = "Pods-PhotoLoader.release.xcconfig"; path = "Target Support Files/Pods-PhotoLoader/Pods-PhotoLoader.release.xcconfig"; sourceTree = "<group>"; };
/* End PBXFileReference section */

/* Begin PBXFrameworksBuildPhase section */
		50A0AC8725BAD3C90077BD52 /* Frameworks */ = {
			isa = PBXFrameworksBuildPhase;
			buildActionMask = 2147483647;
			files = (
				57775F9DEC7B73E40B8A11D5 /* Pods_PhotoLoader.framework in Frameworks */,
			);
			runOnlyForDeploymentPostprocessing = 0;
		};
/* End PBXFrameworksBuildPhase section */

/* Begin PBXGroup section */
		506D5CCA25C26A270027F57D /* System */ = {
			isa = PBXGroup;
			children = (
				50A0AC8F25BAD3C90077BD52 /* SceneDelegate.swift */,
				50A0AC8D25BAD3C90077BD52 /* AppDelegate.swift */,
				50A0AC9325BAD3C90077BD52 /* Main.storyboard */,
				50A0AC9625BAD3CC0077BD52 /* Assets.xcassets */,
				50A0AC9825BAD3CC0077BD52 /* LaunchScreen.storyboard */,
			);
			path = System;
			sourceTree = "<group>";
		};
		50A0AC8125BAD3C90077BD52 = {
			isa = PBXGroup;
			children = (
				50A0AC8C25BAD3C90077BD52 /* PhotoLoader */,
				50A0AC8B25BAD3C90077BD52 /* Products */,
				B650D3405E1C159DB56901FA /* Pods */,
				737D7A0ABB163EE0383E60E6 /* Frameworks */,
			);
			sourceTree = "<group>";
		};
		50A0AC8B25BAD3C90077BD52 /* Products */ = {
			isa = PBXGroup;
			children = (
				50A0AC8A25BAD3C90077BD52 /* PhotoLoader.app */,
			);
			name = Products;
			sourceTree = "<group>";
		};
		50A0AC8C25BAD3C90077BD52 /* PhotoLoader */ = {
			isa = PBXGroup;
			children = (
				50A0AC9125BAD3C90077BD52 /* ViewController.swift */,
				50A0ACA825BAD61E0077BD52 /* PhotoCollectionViewCell.swift */,
				506D5CC425C25C830027F57D /* CustomImageView.swift */,
				506D5CCA25C26A270027F57D /* System */,
				50A0AC9B25BAD3CC0077BD52 /* Info.plist */,
			);
			path = PhotoLoader;
			sourceTree = "<group>";
		};
		737D7A0ABB163EE0383E60E6 /* Frameworks */ = {
			isa = PBXGroup;
			children = (
				0289A410AD746DAC03A91458 /* Pods_PhotoLoader.framework */,
			);
			name = Frameworks;
			sourceTree = "<group>";
		};
		B650D3405E1C159DB56901FA /* Pods */ = {
			isa = PBXGroup;
			children = (
				823BBCBDA4ADC1F4F52E8BCE /* Pods-PhotoLoader.debug.xcconfig */,
				B3862321CFB3ADED810D25C5 /* Pods-PhotoLoader.release.xcconfig */,
			);
			path = Pods;
			sourceTree = "<group>";
		};
/* End PBXGroup section */

/* Begin PBXNativeTarget section */
		50A0AC8925BAD3C90077BD52 /* PhotoLoader */ = {
			isa = PBXNativeTarget;
			buildConfigurationList = 50A0AC9E25BAD3CC0077BD52 /* Build configuration list for PBXNativeTarget "PhotoLoader" */;
			buildPhases = (
				6B5C3AE4C4C56FF67110211C /* [CP] Check Pods Manifest.lock */,
				50A0AC8625BAD3C90077BD52 /* Sources */,
				50A0AC8725BAD3C90077BD52 /* Frameworks */,
				50A0AC8825BAD3C90077BD52 /* Resources */,
				F4757F9C4E30B378EE9F9F34 /* [CP] Embed Pods Frameworks */,
			);
			buildRules = (
			);
			dependencies = (
			);
			name = PhotoLoader;
			productName = PhotoLoader;
			productReference = 50A0AC8A25BAD3C90077BD52 /* PhotoLoader.app */;
			productType = "com.apple.product-type.application";
		};
/* End PBXNativeTarget section */

/* Begin PBXProject section */
		50A0AC8225BAD3C90077BD52 /* Project object */ = {
			isa = PBXProject;
			attributes = {
				LastSwiftUpdateCheck = 1220;
				LastUpgradeCheck = 1220;
				TargetAttributes = {
					50A0AC8925BAD3C90077BD52 = {
						CreatedOnToolsVersion = 12.2;
					};
				};
			};
			buildConfigurationList = 50A0AC8525BAD3C90077BD52 /* Build configuration list for PBXProject "PhotoLoader" */;
			compatibilityVersion = "Xcode 9.3";
			developmentRegion = en;
			hasScannedForEncodings = 0;
			knownRegions = (
				en,
				Base,
			);
			mainGroup = 50A0AC8125BAD3C90077BD52;
			productRefGroup = 50A0AC8B25BAD3C90077BD52 /* Products */;
			projectDirPath = "";
			projectRoot = "";
			targets = (
				50A0AC8925BAD3C90077BD52 /* PhotoLoader */,
			);
		};
/* End PBXProject section */

/* Begin PBXResourcesBuildPhase section */
		50A0AC8825BAD3C90077BD52 /* Resources */ = {
			isa = PBXResourcesBuildPhase;
			buildActionMask = 2147483647;
			files = (
				50A0AC9A25BAD3CC0077BD52 /* LaunchScreen.storyboard in Resources */,
				50A0AC9725BAD3CC0077BD52 /* Assets.xcassets in Resources */,
				50A0AC9525BAD3C90077BD52 /* Main.storyboard in Resources */,
			);
			runOnlyForDeploymentPostprocessing = 0;
		};
/* End PBXResourcesBuildPhase section */

/* Begin PBXShellScriptBuildPhase section */
		6B5C3AE4C4C56FF67110211C /* [CP] Check Pods Manifest.lock */ = {
			isa = PBXShellScriptBuildPhase;
			buildActionMask = 2147483647;
			files = (
			);
			inputFileListPaths = (
			);
			inputPaths = (
				"${PODS_PODFILE_DIR_PATH}/Podfile.lock",
				"${PODS_ROOT}/Manifest.lock",
			);
			name = "[CP] Check Pods Manifest.lock";
			outputFileListPaths = (
			);
			outputPaths = (
				"$(DERIVED_FILE_DIR)/Pods-PhotoLoader-checkManifestLockResult.txt",
			);
			runOnlyForDeploymentPostprocessing = 0;
			shellPath = /bin/sh;
			shellScript = "diff \"${PODS_PODFILE_DIR_PATH}/Podfile.lock\" \"${PODS_ROOT}/Manifest.lock\" > /dev/null\nif [ $? != 0 ] ; then\n    # print error to STDERR\n    echo \"error: The sandbox is not in sync with the Podfile.lock. Run 'pod install' or update your CocoaPods installation.\" >&2\n    exit 1\nfi\n# This output is used by Xcode 'outputs' to avoid re-running this script phase.\necho \"SUCCESS\" > \"${SCRIPT_OUTPUT_FILE_0}\"\n";
			showEnvVarsInLog = 0;
		};
		F4757F9C4E30B378EE9F9F34 /* [CP] Embed Pods Frameworks */ = {
			isa = PBXShellScriptBuildPhase;
			buildActionMask = 2147483647;
			files = (
			);
			inputFileListPaths = (
				"${PODS_ROOT}/Target Support Files/Pods-PhotoLoader/Pods-PhotoLoader-frameworks-${CONFIGURATION}-input-files.xcfilelist",
			);
			name = "[CP] Embed Pods Frameworks";
			outputFileListPaths = (
				"${PODS_ROOT}/Target Support Files/Pods-PhotoLoader/Pods-PhotoLoader-frameworks-${CONFIGURATION}-output-files.xcfilelist",
			);
			runOnlyForDeploymentPostprocessing = 0;
			shellPath = /bin/sh;
			shellScript = "\"${PODS_ROOT}/Target Support Files/Pods-PhotoLoader/Pods-PhotoLoader-frameworks.sh\"\n";
			showEnvVarsInLog = 0;
		};
/* End PBXShellScriptBuildPhase section */

/* Begin PBXSourcesBuildPhase section */
		50A0AC8625BAD3C90077BD52 /* Sources */ = {
			isa = PBXSourcesBuildPhase;
			buildActionMask = 2147483647;
			files = (
				50A0AC9225BAD3C90077BD52 /* ViewController.swift in Sources */,
				50A0ACA925BAD61E0077BD52 /* PhotoCollectionViewCell.swift in Sources */,
				50A0AC8E25BAD3C90077BD52 /* AppDelegate.swift in Sources */,
				50A0AC9025BAD3C90077BD52 /* SceneDelegate.swift in Sources */,
				506D5CC525C25C830027F57D /* CustomImageView.swift in Sources */,
			);
			runOnlyForDeploymentPostprocessing = 0;
		};
/* End PBXSourcesBuildPhase section */

/* Begin PBXVariantGroup section */
		50A0AC9325BAD3C90077BD52 /* Main.storyboard */ = {
			isa = PBXVariantGroup;
			children = (
				50A0AC9425BAD3C90077BD52 /* Base */,
			);
			name = Main.storyboard;
			sourceTree = "<group>";
		};
		50A0AC9825BAD3CC0077BD52 /* LaunchScreen.storyboard */ = {
			isa = PBXVariantGroup;
			children = (
				50A0AC9925BAD3CC0077BD52 /* Base */,
			);
			name = LaunchScreen.storyboard;
			sourceTree = "<group>";
		};
/* End PBXVariantGroup section */

/* Begin XCBuildConfiguration section */
		50A0AC9C25BAD3CC0077BD52 /* Debug */ = {
			isa = XCBuildConfiguration;
			buildSettings = {
				ALWAYS_SEARCH_USER_PATHS = NO;
				CLANG_ANALYZER_NONNULL = YES;
				CLANG_ANALYZER_NUMBER_OBJECT_CONVERSION = YES_AGGRESSIVE;
				CLANG_CXX_LANGUAGE_STANDARD = "gnu++14";
				CLANG_CXX_LIBRARY = "libc++";
				CLANG_ENABLE_MODULES = YES;
				CLANG_ENABLE_OBJC_ARC = YES;
				CLANG_ENABLE_OBJC_WEAK = YES;
				CLANG_WARN_BLOCK_CAPTURE_AUTORELEASING = YES;
				CLANG_WARN_BOOL_CONVERSION = YES;
				CLANG_WARN_COMMA = YES;
				CLANG_WARN_CONSTANT_CONVERSION = YES;
				CLANG_WARN_DEPRECATED_OBJC_IMPLEMENTATIONS = YES;
				CLANG_WARN_DIRECT_OBJC_ISA_USAGE = YES_ERROR;
				CLANG_WARN_DOCUMENTATION_COMMENTS = YES;
				CLANG_WARN_EMPTY_BODY = YES;
				CLANG_WARN_ENUM_CONVERSION = YES;
				CLANG_WARN_INFINITE_RECURSION = YES;
				CLANG_WARN_INT_CONVERSION = YES;
				CLANG_WARN_NON_LITERAL_NULL_CONVERSION = YES;
				CLANG_WARN_OBJC_IMPLICIT_RETAIN_SELF = YES;
				CLANG_WARN_OBJC_LITERAL_CONVERSION = YES;
				CLANG_WARN_OBJC_ROOT_CLASS = YES_ERROR;
				CLANG_WARN_QUOTED_INCLUDE_IN_FRAMEWORK_HEADER = YES;
				CLANG_WARN_RANGE_LOOP_ANALYSIS = YES;
				CLANG_WARN_STRICT_PROTOTYPES = YES;
				CLANG_WARN_SUSPICIOUS_MOVE = YES;
				CLANG_WARN_UNGUARDED_AVAILABILITY = YES_AGGRESSIVE;
				CLANG_WARN_UNREACHABLE_CODE = YES;
				CLANG_WARN__DUPLICATE_METHOD_MATCH = YES;
				COPY_PHASE_STRIP = NO;
				DEBUG_INFORMATION_FORMAT = dwarf;
				ENABLE_STRICT_OBJC_MSGSEND = YES;
				ENABLE_TESTABILITY = YES;
				GCC_C_LANGUAGE_STANDARD = gnu11;
				GCC_DYNAMIC_NO_PIC = NO;
				GCC_NO_COMMON_BLOCKS = YES;
				GCC_OPTIMIZATION_LEVEL = 0;
				GCC_PREPROCESSOR_DEFINITIONS = (
					"DEBUG=1",
					"$(inherited)",
				);
				GCC_WARN_64_TO_32_BIT_CONVERSION = YES;
				GCC_WARN_ABOUT_RETURN_TYPE = YES_ERROR;
				GCC_WARN_UNDECLARED_SELECTOR = YES;
				GCC_WARN_UNINITIALIZED_AUTOS = YES_AGGRESSIVE;
				GCC_WARN_UNUSED_FUNCTION = YES;
				GCC_WARN_UNUSED_VARIABLE = YES;
				IPHONEOS_DEPLOYMENT_TARGET = 14.2;
				MTL_ENABLE_DEBUG_INFO = INCLUDE_SOURCE;
				MTL_FAST_MATH = YES;
				ONLY_ACTIVE_ARCH = YES;
				SDKROOT = iphoneos;
				SWIFT_ACTIVE_COMPILATION_CONDITIONS = DEBUG;
				SWIFT_OPTIMIZATION_LEVEL = "-Onone";
			};
			name = Debug;
		};
		50A0AC9D25BAD3CC0077BD52 /* Release */ = {
			isa = XCBuildConfiguration;
			buildSettings = {
				ALWAYS_SEARCH_USER_PATHS = NO;
				CLANG_ANALYZER_NONNULL = YES;
				CLANG_ANALYZER_NUMBER_OBJECT_CONVERSION = YES_AGGRESSIVE;
				CLANG_CXX_LANGUAGE_STANDARD = "gnu++14";
				CLANG_CXX_LIBRARY = "libc++";
				CLANG_ENABLE_MODULES = YES;
				CLANG_ENABLE_OBJC_ARC = YES;
				CLANG_ENABLE_OBJC_WEAK = YES;
				CLANG_WARN_BLOCK_CAPTURE_AUTORELEASING = YES;
				CLANG_WARN_BOOL_CONVERSION = YES;
				CLANG_WARN_COMMA = YES;
				CLANG_WARN_CONSTANT_CONVERSION = YES;
				CLANG_WARN_DEPRECATED_OBJC_IMPLEMENTATIONS = YES;
				CLANG_WARN_DIRECT_OBJC_ISA_USAGE = YES_ERROR;
				CLANG_WARN_DOCUMENTATION_COMMENTS = YES;
				CLANG_WARN_EMPTY_BODY = YES;
				CLANG_WARN_ENUM_CONVERSION = YES;
				CLANG_WARN_INFINITE_RECURSION = YES;
				CLANG_WARN_INT_CONVERSION = YES;
				CLANG_WARN_NON_LITERAL_NULL_CONVERSION = YES;
				CLANG_WARN_OBJC_IMPLICIT_RETAIN_SELF = YES;
				CLANG_WARN_OBJC_LITERAL_CONVERSION = YES;
				CLANG_WARN_OBJC_ROOT_CLASS = YES_ERROR;
				CLANG_WARN_QUOTED_INCLUDE_IN_FRAMEWORK_HEADER = YES;
				CLANG_WARN_RANGE_LOOP_ANALYSIS = YES;
				CLANG_WARN_STRICT_PROTOTYPES = YES;
				CLANG_WARN_SUSPICIOUS_MOVE = YES;
				CLANG_WARN_UNGUARDED_AVAILABILITY = YES_AGGRESSIVE;
				CLANG_WARN_UNREACHABLE_CODE = YES;
				CLANG_WARN__DUPLICATE_METHOD_MATCH = YES;
				COPY_PHASE_STRIP = NO;
				DEBUG_INFORMATION_FORMAT = "dwarf-with-dsym";
				ENABLE_NS_ASSERTIONS = NO;
				ENABLE_STRICT_OBJC_MSGSEND = YES;
				GCC_C_LANGUAGE_STANDARD = gnu11;
				GCC_NO_COMMON_BLOCKS = YES;
				GCC_WARN_64_TO_32_BIT_CONVERSION = YES;
				GCC_WARN_ABOUT_RETURN_TYPE = YES_ERROR;
				GCC_WARN_UNDECLARED_SELECTOR = YES;
				GCC_WARN_UNINITIALIZED_AUTOS = YES_AGGRESSIVE;
				GCC_WARN_UNUSED_FUNCTION = YES;
				GCC_WARN_UNUSED_VARIABLE = YES;
				IPHONEOS_DEPLOYMENT_TARGET = 14.2;
				MTL_ENABLE_DEBUG_INFO = NO;
				MTL_FAST_MATH = YES;
				SDKROOT = iphoneos;
				SWIFT_COMPILATION_MODE = wholemodule;
				SWIFT_OPTIMIZATION_LEVEL = "-O";
				VALIDATE_PRODUCT = YES;
			};
			name = Release;
		};
		50A0AC9F25BAD3CC0077BD52 /* Debug */ = {
			isa = XCBuildConfiguration;
			baseConfigurationReference = 823BBCBDA4ADC1F4F52E8BCE /* Pods-PhotoLoader.debug.xcconfig */;
			buildSettings = {
				ASSETCATALOG_COMPILER_APPICON_NAME = AppIcon;
				ASSETCATALOG_COMPILER_GLOBAL_ACCENT_COLOR_NAME = AccentColor;
				CODE_SIGN_STYLE = Automatic;
				DEVELOPMENT_TEAM = 3P9KGAPYFK;
				INFOPLIST_FILE = PhotoLoader/Info.plist;
				LD_RUNPATH_SEARCH_PATHS = (
					"$(inherited)",
					"@executable_path/Frameworks",
				);
				PRODUCT_BUNDLE_IDENTIFIER = com.alextddc.PhotoLoader;
				PRODUCT_NAME = "$(TARGET_NAME)";
				SWIFT_VERSION = 5.0;
				TARGETED_DEVICE_FAMILY = "1,2";
			};
			name = Debug;
		};
		50A0ACA025BAD3CC0077BD52 /* Release */ = {
			isa = XCBuildConfiguration;
			baseConfigurationReference = B3862321CFB3ADED810D25C5 /* Pods-PhotoLoader.release.xcconfig */;
			buildSettings = {
				ASSETCATALOG_COMPILER_APPICON_NAME = AppIcon;
				ASSETCATALOG_COMPILER_GLOBAL_ACCENT_COLOR_NAME = AccentColor;
				CODE_SIGN_STYLE = Automatic;
				DEVELOPMENT_TEAM = 3P9KGAPYFK;
				INFOPLIST_FILE = PhotoLoader/Info.plist;
				LD_RUNPATH_SEARCH_PATHS = (
					"$(inherited)",
					"@executable_path/Frameworks",
				);
				PRODUCT_BUNDLE_IDENTIFIER = com.alextddc.PhotoLoader;
				PRODUCT_NAME = "$(TARGET_NAME)";
				SWIFT_VERSION = 5.0;
				TARGETED_DEVICE_FAMILY = "1,2";
			};
			name = Release;
		};
/* End XCBuildConfiguration section */

/* Begin XCConfigurationList section */
		50A0AC8525BAD3C90077BD52 /* Build configuration list for PBXProject "PhotoLoader" */ = {
			isa = XCConfigurationList;
			buildConfigurations = (
				50A0AC9C25BAD3CC0077BD52 /* Debug */,
				50A0AC9D25BAD3CC0077BD52 /* Release */,
			);
			defaultConfigurationIsVisible = 0;
			defaultConfigurationName = Release;
		};
		50A0AC9E25BAD3CC0077BD52 /* Build configuration list for PBXNativeTarget "PhotoLoader" */ = {
			isa = XCConfigurationList;
			buildConfigurations = (
				50A0AC9F25BAD3CC0077BD52 /* Debug */,
				50A0ACA025BAD3CC0077BD52 /* Release */,
			);
			defaultConfigurationIsVisible = 0;
			defaultConfigurationName = Release;
		};
/* End XCConfigurationList section */
	};
	rootObject = 50A0AC8225BAD3C90077BD52 /* Project object */;
}
