PODS:
  - SnapKit (4.2.0)
  - SwiftyJSON (5.0.0)

DEPENDENCIES:
  - SnapKit (~> 4.0)
  - SwiftyJSON

SPEC REPOS:
  trunk:
    - SnapKit
    - SwiftyJSON

SPEC CHECKSUMS:
  SnapKit: fe8a619752f3f27075cc9a90244d75c6c3f27e2a
  SwiftyJSON: 36413e04c44ee145039d332b4f4e2d3e8d6c4db7

PODFILE CHECKSUM: 3b36b813ff13351416ab1cf6904f770a72939cc9

COCOAPODS: 1.10.0
